// !$*UTF8*$!
{
	archiveVersion = 1;
	classes = {
	};
	objectVersion = 77;
	objects = {

/* Begin PBXContainerItemProxy section */
		F4F1EA562D12DEB700259E1B /* PBXContainerItemProxy */ = {
			isa = PBXContainerItemProxy;
			containerPortal = F4F1EA372D12DEB400259E1B /* Project object */;
			proxyType = 1;
			remoteGlobalIDString = F4F1EA3E2D12DEB400259E1B;
			remoteInfo = tool;
		};
		F4F1EA602D12DEB700259E1B /* PBXContainerItemProxy */ = {
			isa = PBXContainerItemProxy;
			containerPortal = F4F1EA372D12DEB400259E1B /* Project object */;
			proxyType = 1;
			remoteGlobalIDString = F4F1EA3E2D12DEB400259E1B;
			remoteInfo = tool;
		};
/* End PBXContainerItemProxy section */

/* Begin PBXFileReference section */
		F4F1EA3F2D12DEB400259E1B /* tool.app */ = {isa = PBXFileReference; explicitFileType = wrapper.application; includeInIndex = 0; path = tool.app; sourceTree = BUILT_PRODUCTS_DIR; };
		F4F1EA552D12DEB700259E1B /* toolTests.xctest */ = {isa = PBXFileReference; explicitFileType = wrapper.cfbundle; includeInIndex = 0; path = toolTests.xctest; sourceTree = BUILT_PRODUCTS_DIR; };
		F4F1EA5F2D12DEB700259E1B /* toolUITests.xctest */ = {isa = PBXFileReference; explicitFileType = wrapper.cfbundle; includeInIndex = 0; path = toolUITests.xctest; sourceTree = BUILT_PRODUCTS_DIR; };
/* End PBXFileReference section */

/* Begin PBXFileSystemSynchronizedRootGroup section */
		F4F1EA412D12DEB400259E1B /* tool */ = {
			isa = PBXFileSystemSynchronizedRootGroup;
			path = tool;
			sourceTree = "<group>";
		};
		F4F1EA582D12DEB700259E1B /* toolTests */ = {
			isa = PBXFileSystemSynchronizedRootGroup;
			path = toolTests;
			sourceTree = "<group>";
		};
		F4F1EA622D12DEB700259E1B /* toolUITests */ = {
			isa = PBXFileSystemSynchronizedRootGroup;
			path = toolUITests;
			sourceTree = "<group>";
		};
/* End PBXFileSystemSynchronizedRootGroup section */

/* Begin PBXFrameworksBuildPhase section */
		F4F1EA3C2D12DEB400259E1B /* Frameworks */ = {
			isa = PBXFrameworksBuildPhase;
			buildActionMask = 2147483647;
			files = (
			);
			runOnlyForDeploymentPostprocessing = 0;
		};
		F4F1EA522D12DEB700259E1B /* Frameworks */ = {
			isa = PBXFrameworksBuildPhase;
			buildActionMask = 2147483647;
			files = (
			);
			runOnlyForDeploymentPostprocessing = 0;
		};
		F4F1EA5C2D12DEB700259E1B /* Frameworks */ = {
			isa = PBXFrameworksBuildPhase;
			buildActionMask = 2147483647;
			files = (
			);
			runOnlyForDeploymentPostprocessing = 0;
		};
/* End PBXFrameworksBuildPhase section */

/* Begin PBXGroup section */
		F4F1EA362D12DEB400259E1B = {
			isa = PBXGroup;
			children = (
				F4F1EA412D12DEB400259E1B /* tool */,
				F4F1EA582D12DEB700259E1B /* toolTests */,
				F4F1EA622D12DEB700259E1B /* toolUITests */,
				F4F1EA402D12DEB400259E1B /* Products */,
			);
			sourceTree = "<group>";
		};
		F4F1EA402D12DEB400259E1B /* Products */ = {
			isa = PBXGroup;
			children = (
				F4F1EA3F2D12DEB400259E1B /* tool.app */,
				F4F1EA552D12DEB700259E1B /* toolTests.xctest */,
				F4F1EA5F2D12DEB700259E1B /* toolUITests.xctest */,
			);
			name = Products;
			sourceTree = "<group>";
		};
/* End PBXGroup section */

/* Begin PBXNativeTarget section */
		F4F1EA3E2D12DEB400259E1B /* tool */ = {
			isa = PBXNativeTarget;
			buildConfigurationList = F4F1EA682D12DEB700259E1B /* Build configuration list for PBXNativeTarget "tool" */;
			buildPhases = (
				F4F1EA3B2D12DEB400259E1B /* Sources */,
				F4F1EA3C2D12DEB400259E1B /* Frameworks */,
				F4F1EA3D2D12DEB400259E1B /* Resources */,
			);
			buildRules = (
			);
			dependencies = (
			);
			fileSystemSynchronizedGroups = (
				F4F1EA412D12DEB400259E1B /* tool */,
			);
			name = tool;
			packageProductDependencies = (
			);
			productName = tool;
			productReference = F4F1EA3F2D12DEB400259E1B /* tool.app */;
			productType = "com.apple.product-type.application";
		};
		F4F1EA542D12DEB700259E1B /* toolTests */ = {
			isa = PBXNativeTarget;
			buildConfigurationList = F4F1EA6D2D12DEB700259E1B /* Build configuration list for PBXNativeTarget "toolTests" */;
			buildPhases = (
				F4F1EA512D12DEB700259E1B /* Sources */,
				F4F1EA522D12DEB700259E1B /* Frameworks */,
				F4F1EA532D12DEB700259E1B /* Resources */,
			);
			buildRules = (
			);
			dependencies = (
				F4F1EA572D12DEB700259E1B /* PBXTargetDependency */,
			);
			fileSystemSynchronizedGroups = (
				F4F1EA582D12DEB700259E1B /* toolTests */,
			);
			name = toolTests;
			packageProductDependencies = (
			);
			productName = toolTests;
			productReference = F4F1EA552D12DEB700259E1B /* toolTests.xctest */;
			productType = "com.apple.product-type.bundle.unit-test";
		};
		F4F1EA5E2D12DEB700259E1B /* toolUITests */ = {
			isa = PBXNativeTarget;
			buildConfigurationList = F4F1EA702D12DEB700259E1B /* Build configuration list for PBXNativeTarget "toolUITests" */;
			buildPhases = (
				F4F1EA5B2D12DEB700259E1B /* Sources */,
				F4F1EA5C2D12DEB700259E1B /* Frameworks */,
				F4F1EA5D2D12DEB700259E1B /* Resources */,
			);
			buildRules = (
			);
			dependencies = (
				F4F1EA612D12DEB700259E1B /* PBXTargetDependency */,
			);
			fileSystemSynchronizedGroups = (
				F4F1EA622D12DEB700259E1B /* toolUITests */,
			);
			name = toolUITests;
			packageProductDependencies = (
			);
			productName = toolUITests;
			productReference = F4F1EA5F2D12DEB700259E1B /* toolUITests.xctest */;
			productType = "com.apple.product-type.bundle.ui-testing";
		};
/* End PBXNativeTarget section */

/* Begin PBXProject section */
		F4F1EA372D12DEB400259E1B /* Project object */ = {
			isa = PBXProject;
			attributes = {
				BuildIndependentTargetsInParallel = 1;
				LastSwiftUpdateCheck = 1620;
				LastUpgradeCheck = 1620;
				TargetAttributes = {
					F4F1EA3E2D12DEB400259E1B = {
						CreatedOnToolsVersion = 16.2;
					};
					F4F1EA542D12DEB700259E1B = {
						CreatedOnToolsVersion = 16.2;
						TestTargetID = F4F1EA3E2D12DEB400259E1B;
					};
					F4F1EA5E2D12DEB700259E1B = {
						CreatedOnToolsVersion = 16.2;
						TestTargetID = F4F1EA3E2D12DEB400259E1B;
					};
				};
			};
			buildConfigurationList = F4F1EA3A2D12DEB400259E1B /* Build configuration list for PBXProject "tool" */;
			developmentRegion = en;
			hasScannedForEncodings = 0;
			knownRegions = (
				en,
				Base,
			);
			mainGroup = F4F1EA362D12DEB400259E1B;
			minimizedProjectReferenceProxies = 1;
			preferredProjectObjectVersion = 77;
			productRefGroup = F4F1EA402D12DEB400259E1B /* Products */;
			projectDirPath = "";
			projectRoot = "";
			targets = (
				F4F1EA3E2D12DEB400259E1B /* tool */,
				F4F1EA542D12DEB700259E1B /* toolTests */,
				F4F1EA5E2D12DEB700259E1B /* toolUITests */,
			);
		};
/* End PBXProject section */

/* Begin PBXResourcesBuildPhase section */
		F4F1EA3D2D12DEB400259E1B /* Resources */ = {
			isa = PBXResourcesBuildPhase;
			buildActionMask = 2147483647;
			files = (
			);
			runOnlyForDeploymentPostprocessing = 0;
		};
		F4F1EA532D12DEB700259E1B /* Resources */ = {
			isa = PBXResourcesBuildPhase;
			buildActionMask = 2147483647;
			files = (
			);
			runOnlyForDeploymentPostprocessing = 0;
		};
		F4F1EA5D2D12DEB700259E1B /* Resources */ = {
			isa = PBXResourcesBuildPhase;
			buildActionMask = 2147483647;
			files = (
			);
			runOnlyForDeploymentPostprocessing = 0;
		};
/* End PBXResourcesBuildPhase section */

/* Begin PBXSourcesBuildPhase section */
		F4F1EA3B2D12DEB400259E1B /* Sources */ = {
			isa = PBXSourcesBuildPhase;
			buildActionMask = 2147483647;
			files = (
			);
			runOnlyForDeploymentPostprocessing = 0;
		};
		F4F1EA512D12DEB700259E1B /* Sources */ = {
			isa = PBXSourcesBuildPhase;
			buildActionMask = 2147483647;
			files = (
			);
			runOnlyForDeploymentPostprocessing = 0;
		};
		F4F1EA5B2D12DEB700259E1B /* Sources */ = {
			isa = PBXSourcesBuildPhase;
			buildActionMask = 2147483647;
			files = (
			);
			runOnlyForDeploymentPostprocessing = 0;
		};
/* End PBXSourcesBuildPhase section */

/* Begin PBXTargetDependency section */
		F4F1EA572D12DEB700259E1B /* PBXTargetDependency */ = {
			isa = PBXTargetDependency;
			target = F4F1EA3E2D12DEB400259E1B /* tool */;
			targetProxy = F4F1EA562D12DEB700259E1B /* PBXContainerItemProxy */;
		};
		F4F1EA612D12DEB700259E1B /* PBXTargetDependency */ = {
			isa = PBXTargetDependency;
			target = F4F1EA3E2D12DEB400259E1B /* tool */;
			targetProxy = F4F1EA602D12DEB700259E1B /* PBXContainerItemProxy */;
		};
/* End PBXTargetDependency section */

/* Begin XCBuildConfiguration section */
		F4F1EA692D12DEB700259E1B /* Debug */ = {
			isa = XCBuildConfiguration;
			buildSettings = {
				ASSETCATALOG_COMPILER_APPICON_NAME = AppIcon;
				ASSETCATALOG_COMPILER_GLOBAL_ACCENT_COLOR_NAME = AccentColor;
				CODE_SIGN_STYLE = Automatic;
				CURRENT_PROJECT_VERSION = 1;
				DEVELOPMENT_TEAM = C5P7V9S6NT;
				GENERATE_INFOPLIST_FILE = YES;
				INFOPLIST_FILE = tool/Info.plist;
				INFOPLIST_KEY_UIApplicationSupportsIndirectInputEvents = YES;
				INFOPLIST_KEY_UILaunchStoryboardName = LaunchScreen;
				INFOPLIST_KEY_UIMainStoryboardFile = Main;
				INFOPLIST_KEY_UISupportedInterfaceOrientations_iPad = "UIInterfaceOrientationPortrait UIInterfaceOrientationPortraitUpsideDown UIInterfaceOrientationLandscapeLeft UIInterfaceOrientationLandscapeRight";
				INFOPLIST_KEY_UISupportedInterfaceOrientations_iPhone = "UIInterfaceOrientationPortrait UIInterfaceOrientationLandscapeLeft UIInterfaceOrientationLandscapeRight";
				LD_RUNPATH_SEARCH_PATHS = (
					"$(inherited)",
					"@executable_path/Frameworks",
				);
				MARKETING_VERSION = 1.0;
				PRODUCT_BUNDLE_IDENTIFIER = com.jiwonstudy.tool;
				PRODUCT_NAME = "$(TARGET_NAME)";
				SWIFT_EMIT_LOC_STRINGS = YES;
				SWIFT_VERSION = 5.0;
				TARGETED_DEVICE_FAMILY = "1,2";
			};
			name = Debug;
		};
		F4F1EA6A2D12DEB700259E1B /* Release */ = {
			isa = XCBuildConfiguration;
			buildSettings = {
				ASSETCATALOG_COMPILER_APPICON_NAME = AppIcon;
				ASSETCATALOG_COMPILER_GLOBAL_ACCENT_COLOR_NAME = AccentColor;
				CODE_SIGN_STYLE = Automatic;
				CURRENT_PROJECT_VERSION = 1;
				DEVELOPMENT_TEAM = C5P7V9S6NT;
				GENERATE_INFOPLIST_FILE = YES;
				INFOPLIST_FILE = tool/Info.plist;
				INFOPLIST_KEY_UIApplicationSupportsIndirectInputEvents = YES;
				INFOPLIST_KEY_UILaunchStoryboardName = LaunchScreen;
				INFOPLIST_KEY_UIMainStoryboardFile = Main;
				INFOPLIST_KEY_UISupportedInterfaceOrientations_iPad = "UIInterfaceOrientationPortrait UIInterfaceOrientationPortraitUpsideDown UIInterfaceOrientationLandscapeLeft UIInterfaceOrientationLandscapeRight";
				INFOPLIST_KEY_UISupportedInterfaceOrientations_iPhone = "UIInterfaceOrientationPortrait UIInterfaceOrientationLandscapeLeft UIInterfaceOrientationLandscapeRight";
				LD_RUNPATH_SEARCH_PATHS = (
					"$(inherited)",
					"@executable_path/Frameworks",
				);
				MARKETING_VERSION = 1.0;
				PRODUCT_BUNDLE_IDENTIFIER = com.jiwonstudy.tool;
				PRODUCT_NAME = "$(TARGET_NAME)";
				SWIFT_EMIT_LOC_STRINGS = YES;
				SWIFT_VERSION = 5.0;
				TARGETED_DEVICE_FAMILY = "1,2";
			};
			name = Release;
		};
		F4F1EA6B2D12DEB700259E1B /* Debug */ = {
			isa = XCBuildConfiguration;
			buildSettings = {
				ALWAYS_SEARCH_USER_PATHS = NO;
				ASSETCATALOG_COMPILER_GENERATE_SWIFT_ASSET_SYMBOL_EXTENSIONS = YES;
				CLANG_ANALYZER_NONNULL = YES;
				CLANG_ANALYZER_NUMBER_OBJECT_CONVERSION = YES_AGGRESSIVE;
				CLANG_CXX_LANGUAGE_STANDARD = "gnu++20";
				CLANG_ENABLE_MODULES = YES;
				CLANG_ENABLE_OBJC_ARC = YES;
				CLANG_ENABLE_OBJC_WEAK = YES;
				CLANG_WARN_BLOCK_CAPTURE_AUTORELEASING = YES;
				CLANG_WARN_BOOL_CONVERSION = YES;
				CLANG_WARN_COMMA = YES;
				CLANG_WARN_CONSTANT_CONVERSION = YES;
				CLANG_WARN_DEPRECATED_OBJC_IMPLEMENTATIONS = YES;
				CLANG_WARN_DIRECT_OBJC_ISA_USAGE = YES_ERROR;
				CLANG_WARN_DOCUMENTATION_COMMENTS = YES;
				CLANG_WARN_EMPTY_BODY = YES;
				CLANG_WARN_ENUM_CONVERSION = YES;
				CLANG_WARN_INFINITE_RECURSION = YES;
				CLANG_WARN_INT_CONVERSION = YES;
				CLANG_WARN_NON_LITERAL_NULL_CONVERSION = YES;
				CLANG_WARN_OBJC_IMPLICIT_RETAIN_SELF = YES;
				CLANG_WARN_OBJC_LITERAL_CONVERSION = YES;
				CLANG_WARN_OBJC_ROOT_CLASS = YES_ERROR;
				CLANG_WARN_QUOTED_INCLUDE_IN_FRAMEWORK_HEADER = YES;
				CLANG_WARN_RANGE_LOOP_ANALYSIS = YES;
				CLANG_WARN_STRICT_PROTOTYPES = YES;
				CLANG_WARN_SUSPICIOUS_MOVE = YES;
				CLANG_WARN_UNGUARDED_AVAILABILITY = YES_AGGRESSIVE;
				CLANG_WARN_UNREACHABLE_CODE = YES;
				CLANG_WARN__DUPLICATE_METHOD_MATCH = YES;
				COPY_PHASE_STRIP = NO;
				DEBUG_INFORMATION_FORMAT = dwarf;
				ENABLE_STRICT_OBJC_MSGSEND = YES;
				ENABLE_TESTABILITY = YES;
				ENABLE_USER_SCRIPT_SANDBOXING = YES;
				GCC_C_LANGUAGE_STANDARD = gnu17;
				GCC_DYNAMIC_NO_PIC = NO;
				GCC_NO_COMMON_BLOCKS = YES;
				GCC_OPTIMIZATION_LEVEL = 0;
				GCC_PREPROCESSOR_DEFINITIONS = (
					"DEBUG=1",
					"$(inherited)",
				);
				GCC_WARN_64_TO_32_BIT_CONVERSION = YES;
				GCC_WARN_ABOUT_RETURN_TYPE = YES_ERROR;
				GCC_WARN_UNDECLARED_SELECTOR = YES;
				GCC_WARN_UNINITIALIZED_AUTOS = YES_AGGRESSIVE;
				GCC_WARN_UNUSED_FUNCTION = YES;
				GCC_WARN_UNUSED_VARIABLE = YES;
				IPHONEOS_DEPLOYMENT_TARGET = 18.2;
				LOCALIZATION_PREFERS_STRING_CATALOGS = YES;
				MTL_ENABLE_DEBUG_INFO = INCLUDE_SOURCE;
				MTL_FAST_MATH = YES;
				ONLY_ACTIVE_ARCH = YES;
				SDKROOT = iphoneos;
				SWIFT_ACTIVE_COMPILATION_CONDITIONS = "DEBUG $(inherited)";
				SWIFT_OPTIMIZATION_LEVEL = "-Onone";
			};
			name = Debug;
		};
		F4F1EA6C2D12DEB700259E1B /* Release */ = {
			isa = XCBuildConfiguration;
			buildSettings = {
				ALWAYS_SEARCH_USER_PATHS = NO;
				ASSETCATALOG_COMPILER_GENERATE_SWIFT_ASSET_SYMBOL_EXTENSIONS = YES;
				CLANG_ANALYZER_NONNULL = YES;
				CLANG_ANALYZER_NUMBER_OBJECT_CONVERSION = YES_AGGRESSIVE;
				CLANG_CXX_LANGUAGE_STANDARD = "gnu++20";
				CLANG_ENABLE_MODULES = YES;
				CLANG_ENABLE_OBJC_ARC = YES;
				CLANG_ENABLE_OBJC_WEAK = YES;
				CLANG_WARN_BLOCK_CAPTURE_AUTORELEASING = YES;
				CLANG_WARN_BOOL_CONVERSION = YES;
				CLANG_WARN_COMMA = YES;
				CLANG_WARN_CONSTANT_CONVERSION = YES;
				CLANG_WARN_DEPRECATED_OBJC_IMPLEMENTATIONS = YES;
				CLANG_WARN_DIRECT_OBJC_ISA_USAGE = YES_ERROR;
				CLANG_WARN_DOCUMENTATION_COMMENTS = YES;
				CLANG_WARN_EMPTY_BODY = YES;
				CLANG_WARN_ENUM_CONVERSION = YES;
				CLANG_WARN_INFINITE_RECURSION = YES;
				CLANG_WARN_INT_CONVERSION = YES;
				CLANG_WARN_NON_LITERAL_NULL_CONVERSION = YES;
				CLANG_WARN_OBJC_IMPLICIT_RETAIN_SELF = YES;
				CLANG_WARN_OBJC_LITERAL_CONVERSION = YES;
				CLANG_WARN_OBJC_ROOT_CLASS = YES_ERROR;
				CLANG_WARN_QUOTED_INCLUDE_IN_FRAMEWORK_HEADER = YES;
				CLANG_WARN_RANGE_LOOP_ANALYSIS = YES;
				CLANG_WARN_STRICT_PROTOTYPES = YES;
				CLANG_WARN_SUSPICIOUS_MOVE = YES;
				CLANG_WARN_UNGUARDED_AVAILABILITY = YES_AGGRESSIVE;
				CLANG_WARN_UNREACHABLE_CODE = YES;
				CLANG_WARN__DUPLICATE_METHOD_MATCH = YES;
				COPY_PHASE_STRIP = NO;
				DEBUG_INFORMATION_FORMAT = "dwarf-with-dsym";
				ENABLE_NS_ASSERTIONS = NO;
				ENABLE_STRICT_OBJC_MSGSEND = YES;
				ENABLE_USER_SCRIPT_SANDBOXING = YES;
				GCC_C_LANGUAGE_STANDARD = gnu17;
				GCC_NO_COMMON_BLOCKS = YES;
				GCC_WARN_64_TO_32_BIT_CONVERSION = YES;
				GCC_WARN_ABOUT_RETURN_TYPE = YES_ERROR;
				GCC_WARN_UNDECLARED_SELECTOR = YES;
				GCC_WARN_UNINITIALIZED_AUTOS = YES_AGGRESSIVE;
				GCC_WARN_UNUSED_FUNCTION = YES;
				GCC_WARN_UNUSED_VARIABLE = YES;
				IPHONEOS_DEPLOYMENT_TARGET = 18.2;
				LOCALIZATION_PREFERS_STRING_CATALOGS = YES;
				MTL_ENABLE_DEBUG_INFO = NO;
				MTL_FAST_MATH = YES;
				SDKROOT = iphoneos;
				SWIFT_COMPILATION_MODE = wholemodule;
				VALIDATE_PRODUCT = YES;
			};
			name = Release;
		};
		F4F1EA6E2D12DEB700259E1B /* Debug */ = {
			isa = XCBuildConfiguration;
			buildSettings = {
				BUNDLE_LOADER = "$(TEST_HOST)";
				CODE_SIGN_STYLE = Automatic;
				CURRENT_PROJECT_VERSION = 1;
				GENERATE_INFOPLIST_FILE = YES;
				IPHONEOS_DEPLOYMENT_TARGET = 18.2;
				MARKETING_VERSION = 1.0;
				PRODUCT_BUNDLE_IDENTIFIER = com.jiwonstudy.toolTests;
				PRODUCT_NAME = "$(TARGET_NAME)";
				SWIFT_EMIT_LOC_STRINGS = NO;
				SWIFT_VERSION = 5.0;
				TARGETED_DEVICE_FAMILY = "1,2";
				TEST_HOST = "$(BUILT_PRODUCTS_DIR)/tool.app/$(BUNDLE_EXECUTABLE_FOLDER_PATH)/tool";
			};
			name = Debug;
		};
		F4F1EA6F2D12DEB700259E1B /* Release */ = {
			isa = XCBuildConfiguration;
			buildSettings = {
				BUNDLE_LOADER = "$(TEST_HOST)";
				CODE_SIGN_STYLE = Automatic;
				CURRENT_PROJECT_VERSION = 1;
				GENERATE_INFOPLIST_FILE = YES;
				IPHONEOS_DEPLOYMENT_TARGET = 18.2;
				MARKETING_VERSION = 1.0;
				PRODUCT_BUNDLE_IDENTIFIER = com.jiwonstudy.toolTests;
				PRODUCT_NAME = "$(TARGET_NAME)";
				SWIFT_EMIT_LOC_STRINGS = NO;
				SWIFT_VERSION = 5.0;
				TARGETED_DEVICE_FAMILY = "1,2";
				TEST_HOST = "$(BUILT_PRODUCTS_DIR)/tool.app/$(BUNDLE_EXECUTABLE_FOLDER_PATH)/tool";
			};
			name = Release;
		};
		F4F1EA712D12DEB700259E1B /* Debug */ = {
			isa = XCBuildConfiguration;
			buildSettings = {
				CODE_SIGN_STYLE = Automatic;
				CURRENT_PROJECT_VERSION = 1;
				GENERATE_INFOPLIST_FILE = YES;
				MARKETING_VERSION = 1.0;
				PRODUCT_BUNDLE_IDENTIFIER = com.jiwonstudy.toolUITests;
				PRODUCT_NAME = "$(TARGET_NAME)";
				SWIFT_EMIT_LOC_STRINGS = NO;
				SWIFT_VERSION = 5.0;
				TARGETED_DEVICE_FAMILY = "1,2";
				TEST_TARGET_NAME = tool;
			};
			name = Debug;
		};
		F4F1EA722D12DEB700259E1B /* Release */ = {
			isa = XCBuildConfiguration;
			buildSettings = {
				CODE_SIGN_STYLE = Automatic;
				CURRENT_PROJECT_VERSION = 1;
				GENERATE_INFOPLIST_FILE = YES;
				MARKETING_VERSION = 1.0;
				PRODUCT_BUNDLE_IDENTIFIER = com.jiwonstudy.toolUITests;
				PRODUCT_NAME = "$(TARGET_NAME)";
				SWIFT_EMIT_LOC_STRINGS = NO;
				SWIFT_VERSION = 5.0;
				TARGETED_DEVICE_FAMILY = "1,2";
				TEST_TARGET_NAME = tool;
			};
			name = Release;
		};
/* End XCBuildConfiguration section */

/* Begin XCConfigurationList section */
		F4F1EA3A2D12DEB400259E1B /* Build configuration list for PBXProject "tool" */ = {
			isa = XCConfigurationList;
			buildConfigurations = (
				F4F1EA6B2D12DEB700259E1B /* Debug */,
				F4F1EA6C2D12DEB700259E1B /* Release */,
			);
			defaultConfigurationIsVisible = 0;
			defaultConfigurationName = Release;
		};
		F4F1EA682D12DEB700259E1B /* Build configuration list for PBXNativeTarget "tool" */ = {
			isa = XCConfigurationList;
			buildConfigurations = (
				F4F1EA692D12DEB700259E1B /* Debug */,
				F4F1EA6A2D12DEB700259E1B /* Release */,
			);
			defaultConfigurationIsVisible = 0;
			defaultConfigurationName = Release;
		};
		F4F1EA6D2D12DEB700259E1B /* Build configuration list for PBXNativeTarget "toolTests" */ = {
			isa = XCConfigurationList;
			buildConfigurations = (
				F4F1EA6E2D12DEB700259E1B /* Debug */,
				F4F1EA6F2D12DEB700259E1B /* Release */,
			);
			defaultConfigurationIsVisible = 0;
			defaultConfigurationName = Release;
		};
		F4F1EA702D12DEB700259E1B /* Build configuration list for PBXNativeTarget "toolUITests" */ = {
			isa = XCConfigurationList;
			buildConfigurations = (
				F4F1EA712D12DEB700259E1B /* Debug */,
				F4F1EA722D12DEB700259E1B /* Release */,
			);
			defaultConfigurationIsVisible = 0;
			defaultConfigurationName = Release;
		};
/* End XCConfigurationList section */
	};
	rootObject = F4F1EA372D12DEB400259E1B /* Project object */;
}
